<?xml version="1.0" encoding="UTF-8" standalone="yes" ?>
<CodeBlocks_project_file>
	<FileVersion major="1" minor="6" />
	<Project>
		<Option title="Hbot" />
		<Option pch_mode="2" />
		<Option compiler="gcc" />
		<Build>
			<Target title="Debug">
				<Option output="bin/Debug/hbot" prefix_auto="1" extension_auto="1" />
				<Option object_output="obj/Debug/" />
				<Option type="3" />
				<Option compiler="gcc" />
				<Option createDefFile="1" />
				<Option createStaticLib="1" />
				<Compiler>
					<Add option="-Wall" />
					<Add option="-DBUILD_DLL" />
					<Add option="-g" />
				</Compiler>
				<Linker>
					<Add library="user32" />
				</Linker>
			</Target>
			<Target title="Release">
				<Option output="bin/Release/hbot" prefix_auto="1" extension_auto="1" />
				<Option object_output="obj/Release/" />
				<Option type="3" />
				<Option compiler="gcc" />
				<Option createDefFile="1" />
				<Option createStaticLib="1" />
				<Compiler>
					<Add option="-Wall" />
					<Add option="-DBUILD_DLL" />
					<Add option="-O2" />
				</Compiler>
				<Linker>
					<Add option="-s" />
					<Add library="user32" />
				</Linker>
			</Target>
		</Build>
		<Unit filename="bot_fight.cpp" />
		<Unit filename="bot_fight.h" />
		<Unit filename="bot_main.cpp" />
		<Unit filename="bot_main.h" />
		<Unit filename="commands.cpp" />
		<Unit filename="commands.h" />
		<Unit filename="graph_editor.cpp" />
		<Unit filename="graph_editor.h" />
		<Unit filename="hl_ifase.h" />
		<Unit filename="items.h" />
		<Unit filename="items_data.h" />
		<Unit filename="main.cpp" />
		<Unit filename="main.h" />
		<Unit filename="mapgraph.cpp" />
		<Unit filename="mapgraph.h" />
		<Unit filename="parse_config.cpp" />
		<Unit filename="parse_config.h" />
		<Unit filename="util.cpp" />
		<Unit filename="util.h" />
		<Extensions>
			<code_completion />
			<envvars />
			<debugger />
			<lib_finder disable_auto="1" />
		</Extensions>
	</Project>
</CodeBlocks_project_file>
